
Microsoft Visual Studio Solution File, Format Version 12.00
# Visual Studio Version 16
VisualStudioVersion = 16.0.32228.343
MinimumVisualStudioVersion = 10.0.40219.1
Project("{9A19103F-16F7-4668-BE54-9A1E7A4F7556}") = "LicentaAPI", "LicentaAPI\LicentaAPI.csproj", "{FC2A2060-45F4-4A29-84E9-8A71E98CF397}"
EndProject
Project("{2150E333-8FDC-42A3-9474-1A3956D46DE8}") = "Solution Items", "Solution Items", "{E8FBB86D-EE0E-453A-A6E7-71CC70401772}"
	ProjectSection(SolutionItems) = preProject
		LicentaAPI\.editorconfig = LicentaAPI\.editorconfig
	EndProjectSection
EndProject
Project("{2150E333-8FDC-42A3-9474-1A3956D46DE8}") = "Tests", "Tests", "{E9A6DA75-3B97-4AF5-83E5-03C73DB4C592}"
EndProject
Project("{FAE04EC0-301F-11D3-BF4B-00C04F79EFBC}") = "LitentaAPI.Unit.Tests", "Tests\LitentaAPI.Unit.Tests\LitentaAPI.Unit.Tests.csproj", "{8B68D74D-895D-477A-B569-93EDD14C3CD9}"
EndProject
Global
	GlobalSection(SolutionConfigurationPlatforms) = preSolution
		Debug|Any CPU = Debug|Any CPU
		Release|Any CPU = Release|Any CPU
	EndGlobalSection
	GlobalSection(ProjectConfigurationPlatforms) = postSolution
		{FC2A2060-45F4-4A29-84E9-8A71E98CF397}.Debug|Any CPU.ActiveCfg = Debug|Any CPU
		{FC2A2060-45F4-4A29-84E9-8A71E98CF397}.Debug|Any CPU.Build.0 = Debug|Any CPU
		{FC2A2060-45F4-4A29-84E9-8A71E98CF397}.Release|Any CPU.ActiveCfg = Release|Any CPU
		{FC2A2060-45F4-4A29-84E9-8A71E98CF397}.Release|Any CPU.Build.0 = Release|Any CPU
		{8B68D74D-895D-477A-B569-93EDD14C3CD9}.Debug|Any CPU.ActiveCfg = Debug|Any CPU
		{8B68D74D-895D-477A-B569-93EDD14C3CD9}.Debug|Any CPU.Build.0 = Debug|Any CPU
		{8B68D74D-895D-477A-B569-93EDD14C3CD9}.Release|Any CPU.ActiveCfg = Release|Any CPU
		{8B68D74D-895D-477A-B569-93EDD14C3CD9}.Release|Any CPU.Build.0 = Release|Any CPU
	EndGlobalSection
	GlobalSection(SolutionProperties) = preSolution
		HideSolutionNode = FALSE
	EndGlobalSection
	GlobalSection(NestedProjects) = preSolution
		{8B68D74D-895D-477A-B569-93EDD14C3CD9} = {E9A6DA75-3B97-4AF5-83E5-03C73DB4C592}
	EndGlobalSection
	GlobalSection(ExtensibilityGlobals) = postSolution
		SolutionGuid = {1C26779B-8E4F-49AC-A910-9289DFC86909}
	EndGlobalSection
EndGlobal
